
Microsoft Visual Studio Solution File, Format Version 12.00
# Visual Studio Version 16
VisualStudioVersion = 16.0.31729.503
MinimumVisualStudioVersion = 10.0.40219.1
Project("{FAE04EC0-301F-11D3-BF4B-00C04F79EFBC}") = "ProjectKnight", "ProjectKnight\ProjectKnight.csproj", "{353830CE-4117-4C39-9427-4AE46671903A}"
EndProject
Project("{9A19103F-16F7-4668-BE54-9A1E7A4F7556}") = "HonasGame", "HonasGame\HonasGame\HonasGame.csproj", "{7B1A36A5-7070-4BCD-9CFF-E94CC361D420}"
EndProject
Global
	GlobalSection(SolutionConfigurationPlatforms) = preSolution
		Debug|Any CPU = Debug|Any CPU
		Release|Any CPU = Release|Any CPU
	EndGlobalSection
	GlobalSection(ProjectConfigurationPlatforms) = postSolution
		{353830CE-4117-4C39-9427-4AE46671903A}.Debug|Any CPU.ActiveCfg = Debug|Any CPU
		{353830CE-4117-4C39-9427-4AE46671903A}.Debug|Any CPU.Build.0 = Debug|Any CPU
		{353830CE-4117-4C39-9427-4AE46671903A}.Release|Any CPU.ActiveCfg = Release|Any CPU
		{353830CE-4117-4C39-9427-4AE46671903A}.Release|Any CPU.Build.0 = Release|Any CPU
		{7B1A36A5-7070-4BCD-9CFF-E94CC361D420}.Debug|Any CPU.ActiveCfg = Debug|Any CPU
		{7B1A36A5-7070-4BCD-9CFF-E94CC361D420}.Debug|Any CPU.Build.0 = Debug|Any CPU
		{7B1A36A5-7070-4BCD-9CFF-E94CC361D420}.Release|Any CPU.ActiveCfg = Release|Any CPU
		{7B1A36A5-7070-4BCD-9CFF-E94CC361D420}.Release|Any CPU.Build.0 = Release|Any CPU
	EndGlobalSection
	GlobalSection(SolutionProperties) = preSolution
		HideSolutionNode = FALSE
	EndGlobalSection
	GlobalSection(ExtensibilityGlobals) = postSolution
		SolutionGuid = {54510F54-33DF-4457-8157-F61BAA3A0B8C}
	EndGlobalSection
EndGlobal
